// !$*UTF8*$!
{
	archiveVersion = 1;
	classes = {
	};
	objectVersion = 46;
	objects = {

/* Begin PBXBuildFile section */
		9B13164713E72E7600D5253A /* ShopListItemCell.xib in Resources */ = {isa = PBXBuildFile; fileRef = 9B13164513E72E7600D5253A /* ShopListItemCell.xib */; };
		9B13164A13E730CB00D5253A /* ShopListItemCell.m in Sources */ = {isa = PBXBuildFile; fileRef = 9B13164913E730CB00D5253A /* ShopListItemCell.m */; };
		9B13164F13E73BBA00D5253A /* UIColor+candy.m in Sources */ = {isa = PBXBuildFile; fileRef = 9B13164E13E73BBA00D5253A /* UIColor+candy.m */; };
		9B13165513E73C8B00D5253A /* UIColor+helpers.m in Sources */ = {isa = PBXBuildFile; fileRef = 9B13165413E73C8B00D5253A /* UIColor+helpers.m */; };
		9B13165813E7480700D5253A /* TransactionReceiptService.m in Sources */ = {isa = PBXBuildFile; fileRef = 9B13165713E7480700D5253A /* TransactionReceiptService.m */; };
		9B13165B13E74AA700D5253A /* ShopItemDetailViewController.xib in Resources */ = {isa = PBXBuildFile; fileRef = 9B13165913E74AA700D5253A /* ShopItemDetailViewController.xib */; };
		9B13165E13E74ABE00D5253A /* ShopItemDetailViewController.m in Sources */ = {isa = PBXBuildFile; fileRef = 9B13165D13E74ABE00D5253A /* ShopItemDetailViewController.m */; };
		9B13166113E74B7200D5253A /* UIViewController+newWithDefaultNib.m in Sources */ = {isa = PBXBuildFile; fileRef = 9B13166013E74B7200D5253A /* UIViewController+newWithDefaultNib.m */; };
		9B13166413E7C1AD00D5253A /* UIFont+candy.m in Sources */ = {isa = PBXBuildFile; fileRef = 9B13166313E7C1AC00D5253A /* UIFont+candy.m */; };
		9B21C6A813E357A900E5AD14 /* ShopItemDetailPurchaseCell.xib in Resources */ = {isa = PBXBuildFile; fileRef = 9B21C6A613E357A900E5AD14 /* ShopItemDetailPurchaseCell.xib */; };
		9B39C60113E0734C00685A10 /* AppProductRemoteServiceConnectivityTests.m in Sources */ = {isa = PBXBuildFile; fileRef = 9B39C60013E0734C00685A10 /* AppProductRemoteServiceConnectivityTests.m */; };
		9B4AE67713E851A60034A43A /* Product.m in Sources */ = {isa = PBXBuildFile; fileRef = 9B4AE67613E851A60034A43A /* Product.m */; };
		9B4AE67A13E851A70034A43A /* Purchase.m in Sources */ = {isa = PBXBuildFile; fileRef = 9B4AE67913E851A70034A43A /* Purchase.m */; };
		9B4AE67D13E858630034A43A /* PurchaseRepository.m in Sources */ = {isa = PBXBuildFile; fileRef = 9B4AE67C13E858630034A43A /* PurchaseRepository.m */; };
		9B56B94013D9ED5300A65543 /* UIKit.framework in Frameworks */ = {isa = PBXBuildFile; fileRef = 9B56B93F13D9ED5300A65543 /* UIKit.framework */; };
		9B56B94213D9ED5300A65543 /* Foundation.framework in Frameworks */ = {isa = PBXBuildFile; fileRef = 9B56B94113D9ED5300A65543 /* Foundation.framework */; };
		9B56B94413D9ED5300A65543 /* CoreGraphics.framework in Frameworks */ = {isa = PBXBuildFile; fileRef = 9B56B94313D9ED5300A65543 /* CoreGraphics.framework */; };
		9B56B94A13D9ED5300A65543 /* InfoPlist.strings in Resources */ = {isa = PBXBuildFile; fileRef = 9B56B94813D9ED5300A65543 /* InfoPlist.strings */; };
		9B56B94C13D9ED5300A65543 /* main.m in Sources */ = {isa = PBXBuildFile; fileRef = 9B56B94B13D9ED5300A65543 /* main.m */; };
		9B56B95313D9ED5300A65543 /* MainWindow.xib in Resources */ = {isa = PBXBuildFile; fileRef = 9B56B95113D9ED5300A65543 /* MainWindow.xib */; };
		9B56B96113D9ED5300A65543 /* SenTestingKit.framework in Frameworks */ = {isa = PBXBuildFile; fileRef = 9B56B96013D9ED5300A65543 /* SenTestingKit.framework */; };
		9B56B96213D9ED5300A65543 /* UIKit.framework in Frameworks */ = {isa = PBXBuildFile; fileRef = 9B56B93F13D9ED5300A65543 /* UIKit.framework */; };
		9B56B96313D9ED5300A65543 /* Foundation.framework in Frameworks */ = {isa = PBXBuildFile; fileRef = 9B56B94113D9ED5300A65543 /* Foundation.framework */; };
		9B56B96413D9ED5300A65543 /* CoreGraphics.framework in Frameworks */ = {isa = PBXBuildFile; fileRef = 9B56B94313D9ED5300A65543 /* CoreGraphics.framework */; };
		9B56B96C13D9ED5300A65543 /* InfoPlist.strings in Resources */ = {isa = PBXBuildFile; fileRef = 9B56B96A13D9ED5300A65543 /* InfoPlist.strings */; };
		9B56B98013D9EDF000A65543 /* CandyStoreAppDelegate.m in Sources */ = {isa = PBXBuildFile; fileRef = 9B56B97C13D9EDF000A65543 /* CandyStoreAppDelegate.m */; };
		9B64117C13DDCE880099007A /* CandyJarViewController.xib in Resources */ = {isa = PBXBuildFile; fileRef = 9B64117A13DDCE880099007A /* CandyJarViewController.xib */; };
		9B64117F13DDCE950099007A /* CandyShopViewController.xib in Resources */ = {isa = PBXBuildFile; fileRef = 9B64117D13DDCE950099007A /* CandyShopViewController.xib */; };
		9B64118213DDCEA50099007A /* CandyExchangeViewController.xib in Resources */ = {isa = PBXBuildFile; fileRef = 9B64118013DDCEA50099007A /* CandyExchangeViewController.xib */; };
		9B64118513DDCF020099007A /* CandyJarViewController.m in Sources */ = {isa = PBXBuildFile; fileRef = 9B64118413DDCF020099007A /* CandyJarViewController.m */; };
		9B64118813DDCF110099007A /* CandyShopViewController.m in Sources */ = {isa = PBXBuildFile; fileRef = 9B64118713DDCF110099007A /* CandyShopViewController.m */; };
		9B64118B13DDCF200099007A /* CandyExchangeViewController.m in Sources */ = {isa = PBXBuildFile; fileRef = 9B64118A13DDCF200099007A /* CandyExchangeViewController.m */; };
		9B64119513DDEE660099007A /* bigJarTab.png in Resources */ = {isa = PBXBuildFile; fileRef = 9B64118D13DDEE660099007A /* bigJarTab.png */; };
		9B64119613DDEE660099007A /* bigJarTab@2x.png in Resources */ = {isa = PBXBuildFile; fileRef = 9B64118E13DDEE660099007A /* bigJarTab@2x.png */; };
		9B64119713DDEE660099007A /* exchangeTab.png in Resources */ = {isa = PBXBuildFile; fileRef = 9B64118F13DDEE660099007A /* exchangeTab.png */; };
		9B64119813DDEE660099007A /* exchangeTab@2x.png in Resources */ = {isa = PBXBuildFile; fileRef = 9B64119013DDEE660099007A /* exchangeTab@2x.png */; };
		9B64119913DDEE660099007A /* shopTab.png in Resources */ = {isa = PBXBuildFile; fileRef = 9B64119113DDEE660099007A /* shopTab.png */; };
		9B64119A13DDEE660099007A /* shopTab@2x.png in Resources */ = {isa = PBXBuildFile; fileRef = 9B64119213DDEE660099007A /* shopTab@2x.png */; };
		9B64119B13DDEE660099007A /* smallJarTab.png in Resources */ = {isa = PBXBuildFile; fileRef = 9B64119313DDEE660099007A /* smallJarTab.png */; };
		9B64119C13DDEE660099007A /* smallJarTab@2x.png in Resources */ = {isa = PBXBuildFile; fileRef = 9B64119413DDEE660099007A /* smallJarTab@2x.png */; };
		9B91BDE913DF56BE0046C8BA /* iTunesArtwork in Resources */ = {isa = PBXBuildFile; fileRef = 9B91BDE813DF56BE0046C8BA /* iTunesArtwork */; };
		9BA7D97413DE2DEC00D02880 /* ExchangeSubscriptionNotificationServiceTests.m in Sources */ = {isa = PBXBuildFile; fileRef = 9BA7D97213DE2DAF00D02880 /* ExchangeSubscriptionNotificationServiceTests.m */; };
		9BA7D97713DE2E6F00D02880 /* UIApplication+delegate.m in Sources */ = {isa = PBXBuildFile; fileRef = 9BA7D97613DE2E6F00D02880 /* UIApplication+delegate.m */; };
		9BCAA78C13E316EF00C92FBB /* RefreshingTableViewController.m in Sources */ = {isa = PBXBuildFile; fileRef = 9BCAA78B13E316EF00C92FBB /* RefreshingTableViewController.m */; };
		9BCAA79013E3196200C92FBB /* UIViewController+barButtons.m in Sources */ = {isa = PBXBuildFile; fileRef = 9BCAA78F13E3196200C92FBB /* UIViewController+barButtons.m */; };
		9BCAA79313E31AAE00C92FBB /* UITableViewCell+activity.m in Sources */ = {isa = PBXBuildFile; fileRef = 9BCAA79213E31AAD00C92FBB /* UITableViewCell+activity.m */; };
		9BCE6CDD13E0BD7C00C58AB0 /* ModelCore.m in Sources */ = {isa = PBXBuildFile; fileRef = 9BCE6CDC13E0BD7C00C58AB0 /* ModelCore.m */; };
		9BCE6CDF13E0BDB800C58AB0 /* CoreData.framework in Frameworks */ = {isa = PBXBuildFile; fileRef = 9BCE6CDE13E0BDB800C58AB0 /* CoreData.framework */; };
		9BCE6CE213E0BF6800C58AB0 /* CandyStore.xcdatamodeld in Sources */ = {isa = PBXBuildFile; fileRef = 9BCE6CE013E0BF6800C58AB0 /* CandyStore.xcdatamodeld */; };
		9BCE6CE713E0C45200C58AB0 /* StoreKit.framework in Frameworks */ = {isa = PBXBuildFile; fileRef = 9BCE6CE613E0C45200C58AB0 /* StoreKit.framework */; };
		9BCE6CEA13E0C5D700C58AB0 /* ProductBuilderService.m in Sources */ = {isa = PBXBuildFile; fileRef = 9BCE6CE913E0C5D700C58AB0 /* ProductBuilderService.m */; };
		9BCE6CF213E0CB9400C58AB0 /* RepositoryBase.m in Sources */ = {isa = PBXBuildFile; fileRef = 9BCE6CF113E0CB9400C58AB0 /* RepositoryBase.m */; };
		9BCE6CF513E0CBC000C58AB0 /* ProductRepository.m in Sources */ = {isa = PBXBuildFile; fileRef = 9BCE6CF413E0CBC000C58AB0 /* ProductRepository.m */; };
		9BCE6D1B13E22A0F00C58AB0 /* Product+model.m in Sources */ = {isa = PBXBuildFile; fileRef = 9BCE6D1A13E22A0F00C58AB0 /* Product+model.m */; };
		9BD2EE9313E35E1400594DF1 /* ShopItemDetailPurchaseCell.m in Sources */ = {isa = PBXBuildFile; fileRef = 9BD2EE9213E35E1400594DF1 /* ShopItemDetailPurchaseCell.m */; };
		9BD2EE9813E3674600594DF1 /* blueBuyButton.png in Resources */ = {isa = PBXBuildFile; fileRef = 9BD2EE9413E3674600594DF1 /* blueBuyButton.png */; };
		9BD2EE9913E3674600594DF1 /* blueBuyButton@2x.png in Resources */ = {isa = PBXBuildFile; fileRef = 9BD2EE9513E3674600594DF1 /* blueBuyButton@2x.png */; };
		9BD2EE9A13E3674600594DF1 /* greenBuyButton.png in Resources */ = {isa = PBXBuildFile; fileRef = 9BD2EE9613E3674600594DF1 /* greenBuyButton.png */; };
		9BD2EE9B13E3674600594DF1 /* greenBuyButton@2x.png in Resources */ = {isa = PBXBuildFile; fileRef = 9BD2EE9713E3674600594DF1 /* greenBuyButton@2x.png */; };
		9BD2EE9E13E367D000594DF1 /* BuyButton.m in Sources */ = {isa = PBXBuildFile; fileRef = 9BD2EE9D13E367D000594DF1 /* BuyButton.m */; };
		9BD51DBD13E3434C009A417E /* shopPlaceholder.png in Resources */ = {isa = PBXBuildFile; fileRef = 9BD51DBB13E3434C009A417E /* shopPlaceholder.png */; };
		9BD51DBE13E3434C009A417E /* shopPlaceholder@2x.png in Resources */ = {isa = PBXBuildFile; fileRef = 9BD51DBC13E3434C009A417E /* shopPlaceholder@2x.png */; };
		9BD51DC113E345D9009A417E /* ImageCachingService.m in Sources */ = {isa = PBXBuildFile; fileRef = 9BD51DC013E345D9009A417E /* ImageCachingService.m */; };
		9BEA0D6A13DF6D9500880ACD /* AppProductRemoteService.m in Sources */ = {isa = PBXBuildFile; fileRef = 9BEA0D6913DF6D9500880ACD /* AppProductRemoteService.m */; };
		9BF34EF813D9EE4C00C47028 /* settingsIcon.png in Resources */ = {isa = PBXBuildFile; fileRef = 9BF34EF613D9EE4C00C47028 /* settingsIcon.png */; };
		9BF34EF913D9EE4C00C47028 /* settingsIcon@2x.png in Resources */ = {isa = PBXBuildFile; fileRef = 9BF34EF713D9EE4C00C47028 /* settingsIcon@2x.png */; };
		9BF34F0113D9F12300C47028 /* LICENSE in Resources */ = {isa = PBXBuildFile; fileRef = 9BF34F0013D9F12300C47028 /* LICENSE */; };
		9BF34F0413D9F18200C47028 /* appIcon.png in Resources */ = {isa = PBXBuildFile; fileRef = 9BF34F0213D9F18100C47028 /* appIcon.png */; };
		9BF34F0513D9F18200C47028 /* appIcon@2x.png in Resources */ = {isa = PBXBuildFile; fileRef = 9BF34F0313D9F18100C47028 /* appIcon@2x.png */; };
		9BF5ED8313DE142100C93BF5 /* CandyShopServiceTests.m in Sources */ = {isa = PBXBuildFile; fileRef = 9B6411CB13DE12B30099007A /* CandyShopServiceTests.m */; };
		9BF5ED8613DE14A400C93BF5 /* CandyShopService.m in Sources */ = {isa = PBXBuildFile; fileRef = 9BF5ED8513DE14A400C93BF5 /* CandyShopService.m */; };
		9BF5ED8813DE23A200C93BF5 /* welcome in Resources */ = {isa = PBXBuildFile; fileRef = 9BF5ED8713DE23A200C93BF5 /* welcome */; };
		9BF5ED8C13DE255D00C93BF5 /* NSObject+popup.m in Sources */ = {isa = PBXBuildFile; fileRef = 9BF5ED8B13DE255D00C93BF5 /* NSObject+popup.m */; };
		9BF5ED9313DE29EA00C93BF5 /* ExchangeSubscriptionNotificationService.m in Sources */ = {isa = PBXBuildFile; fileRef = 9BF5ED9213DE29EA00C93BF5 /* ExchangeSubscriptionNotificationService.m */; };
		9BF7615613DF915C00B7B70E /* NSObject+waitForCompletion.m in Sources */ = {isa = PBXBuildFile; fileRef = 9BF7615513DF915C00B7B70E /* NSObject+waitForCompletion.m */; };
		9BF7616813DFDC2C00B7B70E /* EndpointService.m in Sources */ = {isa = PBXBuildFile; fileRef = 9BF7615E13DFDC2C00B7B70E /* EndpointService.m */; };
		9BF7616913DFDC2C00B7B70E /* HTTPMultipartBuilder.m in Sources */ = {isa = PBXBuildFile; fileRef = 9BF7616013DFDC2C00B7B70E /* HTTPMultipartBuilder.m */; };
		9BF7616A13DFDC2C00B7B70E /* HTTPRequestService.m in Sources */ = {isa = PBXBuildFile; fileRef = 9BF7616213DFDC2C00B7B70E /* HTTPRequestService.m */; };
		9BF7616B13DFDC2C00B7B70E /* RemoteServiceBase.m in Sources */ = {isa = PBXBuildFile; fileRef = 9BF7616413DFDC2C00B7B70E /* RemoteServiceBase.m */; };
		9BF7616C13DFDC2C00B7B70E /* AttachmentTransfer.m in Sources */ = {isa = PBXBuildFile; fileRef = 9BF7616713DFDC2C00B7B70E /* AttachmentTransfer.m */; };
		9BF7616F13DFDCDB00B7B70E /* NSDictionary+join.m in Sources */ = {isa = PBXBuildFile; fileRef = 9BF7616E13DFDCDB00B7B70E /* NSDictionary+join.m */; };
		9BF7617213DFDD4F00B7B70E /* NSURLRequest+cert.m in Sources */ = {isa = PBXBuildFile; fileRef = 9BF7617113DFDD4F00B7B70E /* NSURLRequest+cert.m */; };
		9BF7618A13DFDD9D00B7B70E /* Reachability.m in Sources */ = {isa = PBXBuildFile; fileRef = 9BF7617613DFDD9D00B7B70E /* Reachability.m */; };
		9BF7618B13DFDD9D00B7B70E /* NSObject+SBJSON.m in Sources */ = {isa = PBXBuildFile; fileRef = 9BF7617A13DFDD9D00B7B70E /* NSObject+SBJSON.m */; };
		9BF7618C13DFDD9D00B7B70E /* NSString+SBJSON.m in Sources */ = {isa = PBXBuildFile; fileRef = 9BF7617C13DFDD9D00B7B70E /* NSString+SBJSON.m */; };
		9BF7618D13DFDD9D00B7B70E /* SBJsonBase.m in Sources */ = {isa = PBXBuildFile; fileRef = 9BF7617E13DFDD9D00B7B70E /* SBJsonBase.m */; };
		9BF7618E13DFDD9D00B7B70E /* SBJsonParser.m in Sources */ = {isa = PBXBuildFile; fileRef = 9BF7618013DFDD9D00B7B70E /* SBJsonParser.m */; };
		9BF7618F13DFDD9D00B7B70E /* SBJsonWriter.m in Sources */ = {isa = PBXBuildFile; fileRef = 9BF7618213DFDD9D00B7B70E /* SBJsonWriter.m */; };
		9BF7619413DFDF6F00B7B70E /* SystemConfiguration.framework in Frameworks */ = {isa = PBXBuildFile; fileRef = 9BF7619313DFDF6F00B7B70E /* SystemConfiguration.framework */; };
		9BF761E013DFF36400B7B70E /* AppProductRemoteServiceTests.m in Sources */ = {isa = PBXBuildFile; fileRef = 9BF761DF13DFF36400B7B70E /* AppProductRemoteServiceTests.m */; };
/* End PBXBuildFile section */

/* Begin PBXContainerItemProxy section */
		9B56B96513D9ED5300A65543 /* PBXContainerItemProxy */ = {
			isa = PBXContainerItemProxy;
			containerPortal = 9B56B93213D9ED5300A65543 /* Project object */;
			proxyType = 1;
			remoteGlobalIDString = 9B56B93A13D9ED5300A65543;
			remoteInfo = CandyStore;
		};
/* End PBXContainerItemProxy section */

/* Begin PBXFileReference section */
		9B13164613E72E7600D5253A /* en */ = {isa = PBXFileReference; lastKnownFileType = file.xib; name = en; path = ShopListItemCell.xib; sourceTree = "<group>"; };
		9B13164813E730CB00D5253A /* ShopListItemCell.h */ = {isa = PBXFileReference; fileEncoding = 4; lastKnownFileType = sourcecode.c.h; path = ShopListItemCell.h; sourceTree = "<group>"; };
		9B13164913E730CB00D5253A /* ShopListItemCell.m */ = {isa = PBXFileReference; fileEncoding = 4; lastKnownFileType = sourcecode.c.objc; path = ShopListItemCell.m; sourceTree = "<group>"; };
		9B13164C13E73BA500D5253A /* Style.h */ = {isa = PBXFileReference; fileEncoding = 4; lastKnownFileType = sourcecode.c.h; path = Style.h; sourceTree = "<group>"; };
		9B13164D13E73BBA00D5253A /* UIColor+candy.h */ = {isa = PBXFileReference; fileEncoding = 4; lastKnownFileType = sourcecode.c.h; path = "UIColor+candy.h"; sourceTree = "<group>"; };
		9B13164E13E73BBA00D5253A /* UIColor+candy.m */ = {isa = PBXFileReference; fileEncoding = 4; lastKnownFileType = sourcecode.c.objc; path = "UIColor+candy.m"; sourceTree = "<group>"; };
		9B13165313E73C8B00D5253A /* UIColor+helpers.h */ = {isa = PBXFileReference; fileEncoding = 4; lastKnownFileType = sourcecode.c.h; path = "UIColor+helpers.h"; sourceTree = "<group>"; };
		9B13165413E73C8B00D5253A /* UIColor+helpers.m */ = {isa = PBXFileReference; fileEncoding = 4; lastKnownFileType = sourcecode.c.objc; path = "UIColor+helpers.m"; sourceTree = "<group>"; };
		9B13165613E7480700D5253A /* TransactionReceiptService.h */ = {isa = PBXFileReference; fileEncoding = 4; lastKnownFileType = sourcecode.c.h; path = TransactionReceiptService.h; sourceTree = "<group>"; };
		9B13165713E7480700D5253A /* TransactionReceiptService.m */ = {isa = PBXFileReference; fileEncoding = 4; lastKnownFileType = sourcecode.c.objc; path = TransactionReceiptService.m; sourceTree = "<group>"; };
		9B13165A13E74AA700D5253A /* en */ = {isa = PBXFileReference; lastKnownFileType = file.xib; name = en; path = ShopItemDetailViewController.xib; sourceTree = "<group>"; };
		9B13165C13E74ABD00D5253A /* ShopItemDetailViewController.h */ = {isa = PBXFileReference; fileEncoding = 4; lastKnownFileType = sourcecode.c.h; path = ShopItemDetailViewController.h; sourceTree = "<group>"; };
		9B13165D13E74ABE00D5253A /* ShopItemDetailViewController.m */ = {isa = PBXFileReference; fileEncoding = 4; lastKnownFileType = sourcecode.c.objc; path = ShopItemDetailViewController.m; sourceTree = "<group>"; };
		9B13165F13E74B7200D5253A /* UIViewController+newWithDefaultNib.h */ = {isa = PBXFileReference; fileEncoding = 4; lastKnownFileType = sourcecode.c.h; path = "UIViewController+newWithDefaultNib.h"; sourceTree = "<group>"; };
		9B13166013E74B7200D5253A /* UIViewController+newWithDefaultNib.m */ = {isa = PBXFileReference; fileEncoding = 4; lastKnownFileType = sourcecode.c.objc; path = "UIViewController+newWithDefaultNib.m"; sourceTree = "<group>"; };
		9B13166213E7C1AC00D5253A /* UIFont+candy.h */ = {isa = PBXFileReference; fileEncoding = 4; lastKnownFileType = sourcecode.c.h; path = "UIFont+candy.h"; sourceTree = "<group>"; };
		9B13166313E7C1AC00D5253A /* UIFont+candy.m */ = {isa = PBXFileReference; fileEncoding = 4; lastKnownFileType = sourcecode.c.objc; path = "UIFont+candy.m"; sourceTree = "<group>"; };
		9B21C6A713E357A900E5AD14 /* en */ = {isa = PBXFileReference; lastKnownFileType = file.xib; name = en; path = ShopItemDetailPurchaseCell.xib; sourceTree = "<group>"; };
		9B39C5FF13E0734C00685A10 /* AppProductRemoteServiceConnectivityTests.h */ = {isa = PBXFileReference; fileEncoding = 4; lastKnownFileType = sourcecode.c.h; path = AppProductRemoteServiceConnectivityTests.h; sourceTree = "<group>"; };
		9B39C60013E0734C00685A10 /* AppProductRemoteServiceConnectivityTests.m */ = {isa = PBXFileReference; fileEncoding = 4; lastKnownFileType = sourcecode.c.objc; path = AppProductRemoteServiceConnectivityTests.m; sourceTree = "<group>"; };
		9B4AE67513E851A60034A43A /* Product.h */ = {isa = PBXFileReference; fileEncoding = 4; lastKnownFileType = sourcecode.c.h; path = Product.h; sourceTree = "<group>"; };
		9B4AE67613E851A60034A43A /* Product.m */ = {isa = PBXFileReference; fileEncoding = 4; lastKnownFileType = sourcecode.c.objc; path = Product.m; sourceTree = "<group>"; };
		9B4AE67813E851A70034A43A /* Purchase.h */ = {isa = PBXFileReference; fileEncoding = 4; lastKnownFileType = sourcecode.c.h; path = Purchase.h; sourceTree = "<group>"; };
		9B4AE67913E851A70034A43A /* Purchase.m */ = {isa = PBXFileReference; fileEncoding = 4; lastKnownFileType = sourcecode.c.objc; path = Purchase.m; sourceTree = "<group>"; };
		9B4AE67B13E858630034A43A /* PurchaseRepository.h */ = {isa = PBXFileReference; fileEncoding = 4; lastKnownFileType = sourcecode.c.h; path = PurchaseRepository.h; sourceTree = "<group>"; };
		9B4AE67C13E858630034A43A /* PurchaseRepository.m */ = {isa = PBXFileReference; fileEncoding = 4; lastKnownFileType = sourcecode.c.objc; path = PurchaseRepository.m; sourceTree = "<group>"; };
		9B56B93B13D9ED5300A65543 /* CandyStore.app */ = {isa = PBXFileReference; explicitFileType = wrapper.application; includeInIndex = 0; path = CandyStore.app; sourceTree = BUILT_PRODUCTS_DIR; };
		9B56B93F13D9ED5300A65543 /* UIKit.framework */ = {isa = PBXFileReference; lastKnownFileType = wrapper.framework; name = UIKit.framework; path = System/Library/Frameworks/UIKit.framework; sourceTree = SDKROOT; };
		9B56B94113D9ED5300A65543 /* Foundation.framework */ = {isa = PBXFileReference; lastKnownFileType = wrapper.framework; name = Foundation.framework; path = System/Library/Frameworks/Foundation.framework; sourceTree = SDKROOT; };
		9B56B94313D9ED5300A65543 /* CoreGraphics.framework */ = {isa = PBXFileReference; lastKnownFileType = wrapper.framework; name = CoreGraphics.framework; path = System/Library/Frameworks/CoreGraphics.framework; sourceTree = SDKROOT; };
		9B56B94713D9ED5300A65543 /* CandyStore-Info.plist */ = {isa = PBXFileReference; lastKnownFileType = text.plist.xml; path = "CandyStore-Info.plist"; sourceTree = "<group>"; };
		9B56B94913D9ED5300A65543 /* en */ = {isa = PBXFileReference; lastKnownFileType = text.plist.strings; name = en; path = en.lproj/InfoPlist.strings; sourceTree = "<group>"; };
		9B56B94B13D9ED5300A65543 /* main.m */ = {isa = PBXFileReference; lastKnownFileType = sourcecode.c.objc; lineEnding = 0; path = main.m; sourceTree = "<group>"; xcLanguageSpecificationIdentifier = xcode.lang.objc; };
		9B56B94D13D9ED5300A65543 /* CandyStore-Prefix.pch */ = {isa = PBXFileReference; lastKnownFileType = sourcecode.c.h; path = "CandyStore-Prefix.pch"; sourceTree = "<group>"; };
		9B56B95213D9ED5300A65543 /* en */ = {isa = PBXFileReference; lastKnownFileType = file.xib; name = en; path = en.lproj/MainWindow.xib; sourceTree = "<group>"; };
		9B56B95F13D9ED5300A65543 /* CandyStoreTests.octest */ = {isa = PBXFileReference; explicitFileType = wrapper.cfbundle; includeInIndex = 0; path = CandyStoreTests.octest; sourceTree = BUILT_PRODUCTS_DIR; };
		9B56B96013D9ED5300A65543 /* SenTestingKit.framework */ = {isa = PBXFileReference; lastKnownFileType = wrapper.framework; name = SenTestingKit.framework; path = Library/Frameworks/SenTestingKit.framework; sourceTree = DEVELOPER_DIR; };
		9B56B96913D9ED5300A65543 /* CandyStoreTests-Info.plist */ = {isa = PBXFileReference; lastKnownFileType = text.plist.xml; path = "CandyStoreTests-Info.plist"; sourceTree = "<group>"; };
		9B56B96B13D9ED5300A65543 /* en */ = {isa = PBXFileReference; lastKnownFileType = text.plist.strings; name = en; path = en.lproj/InfoPlist.strings; sourceTree = "<group>"; };
		9B56B97B13D9EDF000A65543 /* CandyStoreAppDelegate.h */ = {isa = PBXFileReference; fileEncoding = 4; lastKnownFileType = sourcecode.c.h; lineEnding = 0; path = CandyStoreAppDelegate.h; sourceTree = "<group>"; xcLanguageSpecificationIdentifier = xcode.lang.objcpp; };
		9B56B97C13D9EDF000A65543 /* CandyStoreAppDelegate.m */ = {isa = PBXFileReference; fileEncoding = 4; lastKnownFileType = sourcecode.c.objc; lineEnding = 0; path = CandyStoreAppDelegate.m; sourceTree = "<group>"; xcLanguageSpecificationIdentifier = xcode.lang.objc; };
		9B64117B13DDCE880099007A /* en */ = {isa = PBXFileReference; lastKnownFileType = file.xib; name = en; path = CandyJarViewController.xib; sourceTree = "<group>"; };
		9B64117E13DDCE950099007A /* en */ = {isa = PBXFileReference; lastKnownFileType = file.xib; name = en; path = CandyShopViewController.xib; sourceTree = "<group>"; };
		9B64118113DDCEA50099007A /* en */ = {isa = PBXFileReference; lastKnownFileType = file.xib; name = en; path = CandyExchangeViewController.xib; sourceTree = "<group>"; };
		9B64118313DDCF020099007A /* CandyJarViewController.h */ = {isa = PBXFileReference; fileEncoding = 4; lastKnownFileType = sourcecode.c.h; path = CandyJarViewController.h; sourceTree = "<group>"; };
		9B64118413DDCF020099007A /* CandyJarViewController.m */ = {isa = PBXFileReference; fileEncoding = 4; lastKnownFileType = sourcecode.c.objc; path = CandyJarViewController.m; sourceTree = "<group>"; };
		9B64118613DDCF110099007A /* CandyShopViewController.h */ = {isa = PBXFileReference; fileEncoding = 4; lastKnownFileType = sourcecode.c.h; lineEnding = 0; path = CandyShopViewController.h; sourceTree = "<group>"; xcLanguageSpecificationIdentifier = xcode.lang.objcpp; };
		9B64118713DDCF110099007A /* CandyShopViewController.m */ = {isa = PBXFileReference; fileEncoding = 4; lastKnownFileType = sourcecode.c.objc; lineEnding = 0; path = CandyShopViewController.m; sourceTree = "<group>"; xcLanguageSpecificationIdentifier = xcode.lang.objc; };
		9B64118913DDCF200099007A /* CandyExchangeViewController.h */ = {isa = PBXFileReference; fileEncoding = 4; lastKnownFileType = sourcecode.c.h; path = CandyExchangeViewController.h; sourceTree = "<group>"; };
		9B64118A13DDCF200099007A /* CandyExchangeViewController.m */ = {isa = PBXFileReference; fileEncoding = 4; lastKnownFileType = sourcecode.c.objc; path = CandyExchangeViewController.m; sourceTree = "<group>"; };
		9B64118D13DDEE660099007A /* bigJarTab.png */ = {isa = PBXFileReference; lastKnownFileType = image.png; path = bigJarTab.png; sourceTree = "<group>"; };
		9B64118E13DDEE660099007A /* bigJarTab@2x.png */ = {isa = PBXFileReference; lastKnownFileType = image.png; path = "bigJarTab@2x.png"; sourceTree = "<group>"; };
		9B64118F13DDEE660099007A /* exchangeTab.png */ = {isa = PBXFileReference; lastKnownFileType = image.png; path = exchangeTab.png; sourceTree = "<group>"; };
		9B64119013DDEE660099007A /* exchangeTab@2x.png */ = {isa = PBXFileReference; lastKnownFileType = image.png; path = "exchangeTab@2x.png"; sourceTree = "<group>"; };
		9B64119113DDEE660099007A /* shopTab.png */ = {isa = PBXFileReference; lastKnownFileType = image.png; path = shopTab.png; sourceTree = "<group>"; };
		9B64119213DDEE660099007A /* shopTab@2x.png */ = {isa = PBXFileReference; lastKnownFileType = image.png; path = "shopTab@2x.png"; sourceTree = "<group>"; };
		9B64119313DDEE660099007A /* smallJarTab.png */ = {isa = PBXFileReference; lastKnownFileType = image.png; path = smallJarTab.png; sourceTree = "<group>"; };
		9B64119413DDEE660099007A /* smallJarTab@2x.png */ = {isa = PBXFileReference; lastKnownFileType = image.png; path = "smallJarTab@2x.png"; sourceTree = "<group>"; };
		9B6411CA13DE12B30099007A /* CandyShopServiceTests.h */ = {isa = PBXFileReference; fileEncoding = 4; lastKnownFileType = sourcecode.c.h; path = CandyShopServiceTests.h; sourceTree = "<group>"; };
		9B6411CB13DE12B30099007A /* CandyShopServiceTests.m */ = {isa = PBXFileReference; fileEncoding = 4; lastKnownFileType = sourcecode.c.objc; path = CandyShopServiceTests.m; sourceTree = "<group>"; };
		9B91BDE813DF56BE0046C8BA /* iTunesArtwork */ = {isa = PBXFileReference; lastKnownFileType = file; path = iTunesArtwork; sourceTree = "<group>"; };
		9BA7D97113DE2DAF00D02880 /* ExchangeSubscriptionNotificationServiceTests.h */ = {isa = PBXFileReference; fileEncoding = 4; lastKnownFileType = sourcecode.c.h; path = ExchangeSubscriptionNotificationServiceTests.h; sourceTree = "<group>"; };
		9BA7D97213DE2DAF00D02880 /* ExchangeSubscriptionNotificationServiceTests.m */ = {isa = PBXFileReference; fileEncoding = 4; lastKnownFileType = sourcecode.c.objc; path = ExchangeSubscriptionNotificationServiceTests.m; sourceTree = "<group>"; };
		9BA7D97513DE2E6F00D02880 /* UIApplication+delegate.h */ = {isa = PBXFileReference; fileEncoding = 4; lastKnownFileType = sourcecode.c.h; path = "UIApplication+delegate.h"; sourceTree = "<group>"; };
		9BA7D97613DE2E6F00D02880 /* UIApplication+delegate.m */ = {isa = PBXFileReference; fileEncoding = 4; lastKnownFileType = sourcecode.c.objc; path = "UIApplication+delegate.m"; sourceTree = "<group>"; };
		9BCAA78A13E316EF00C92FBB /* RefreshingTableViewController.h */ = {isa = PBXFileReference; fileEncoding = 4; lastKnownFileType = sourcecode.c.h; path = RefreshingTableViewController.h; sourceTree = "<group>"; };
		9BCAA78B13E316EF00C92FBB /* RefreshingTableViewController.m */ = {isa = PBXFileReference; fileEncoding = 4; lastKnownFileType = sourcecode.c.objc; path = RefreshingTableViewController.m; sourceTree = "<group>"; };
		9BCAA78E13E3196200C92FBB /* UIViewController+barButtons.h */ = {isa = PBXFileReference; fileEncoding = 4; lastKnownFileType = sourcecode.c.h; path = "UIViewController+barButtons.h"; sourceTree = "<group>"; };
		9BCAA78F13E3196200C92FBB /* UIViewController+barButtons.m */ = {isa = PBXFileReference; fileEncoding = 4; lastKnownFileType = sourcecode.c.objc; path = "UIViewController+barButtons.m"; sourceTree = "<group>"; };
		9BCAA79113E31AAD00C92FBB /* UITableViewCell+activity.h */ = {isa = PBXFileReference; fileEncoding = 4; lastKnownFileType = sourcecode.c.h; path = "UITableViewCell+activity.h"; sourceTree = "<group>"; };
		9BCAA79213E31AAD00C92FBB /* UITableViewCell+activity.m */ = {isa = PBXFileReference; fileEncoding = 4; lastKnownFileType = sourcecode.c.objc; path = "UITableViewCell+activity.m"; sourceTree = "<group>"; };
		9BCE6CDA13E0BD7C00C58AB0 /* Model.h */ = {isa = PBXFileReference; fileEncoding = 4; lastKnownFileType = sourcecode.c.h; path = Model.h; sourceTree = "<group>"; };
		9BCE6CDB13E0BD7C00C58AB0 /* ModelCore.h */ = {isa = PBXFileReference; fileEncoding = 4; lastKnownFileType = sourcecode.c.h; path = ModelCore.h; sourceTree = "<group>"; };
		9BCE6CDC13E0BD7C00C58AB0 /* ModelCore.m */ = {isa = PBXFileReference; fileEncoding = 4; lastKnownFileType = sourcecode.c.objc; path = ModelCore.m; sourceTree = "<group>"; };
		9BCE6CDE13E0BDB800C58AB0 /* CoreData.framework */ = {isa = PBXFileReference; lastKnownFileType = wrapper.framework; name = CoreData.framework; path = System/Library/Frameworks/CoreData.framework; sourceTree = SDKROOT; };
		9BCE6CE113E0BF6800C58AB0 /* CandyStore.xcdatamodel */ = {isa = PBXFileReference; lastKnownFileType = wrapper.xcdatamodel; path = CandyStore.xcdatamodel; sourceTree = "<group>"; };
		9BCE6CE613E0C45200C58AB0 /* StoreKit.framework */ = {isa = PBXFileReference; lastKnownFileType = wrapper.framework; name = StoreKit.framework; path = System/Library/Frameworks/StoreKit.framework; sourceTree = SDKROOT; };
		9BCE6CE813E0C5D700C58AB0 /* ProductBuilderService.h */ = {isa = PBXFileReference; fileEncoding = 4; lastKnownFileType = sourcecode.c.h; path = ProductBuilderService.h; sourceTree = "<group>"; };
		9BCE6CE913E0C5D700C58AB0 /* ProductBuilderService.m */ = {isa = PBXFileReference; fileEncoding = 4; lastKnownFileType = sourcecode.c.objc; path = ProductBuilderService.m; sourceTree = "<group>"; };
		9BCE6CF013E0CB9400C58AB0 /* RepositoryBase.h */ = {isa = PBXFileReference; fileEncoding = 4; lastKnownFileType = sourcecode.c.h; path = RepositoryBase.h; sourceTree = "<group>"; };
		9BCE6CF113E0CB9400C58AB0 /* RepositoryBase.m */ = {isa = PBXFileReference; fileEncoding = 4; lastKnownFileType = sourcecode.c.objc; path = RepositoryBase.m; sourceTree = "<group>"; };
		9BCE6CF313E0CBC000C58AB0 /* ProductRepository.h */ = {isa = PBXFileReference; fileEncoding = 4; lastKnownFileType = sourcecode.c.h; path = ProductRepository.h; sourceTree = "<group>"; };
		9BCE6CF413E0CBC000C58AB0 /* ProductRepository.m */ = {isa = PBXFileReference; fileEncoding = 4; lastKnownFileType = sourcecode.c.objc; path = ProductRepository.m; sourceTree = "<group>"; };
		9BCE6D1913E22A0F00C58AB0 /* Product+model.h */ = {isa = PBXFileReference; fileEncoding = 4; lastKnownFileType = sourcecode.c.h; path = "Product+model.h"; sourceTree = "<group>"; };
		9BCE6D1A13E22A0F00C58AB0 /* Product+model.m */ = {isa = PBXFileReference; fileEncoding = 4; lastKnownFileType = sourcecode.c.objc; path = "Product+model.m"; sourceTree = "<group>"; };
		9BD2EE9113E35E1400594DF1 /* ShopItemDetailPurchaseCell.h */ = {isa = PBXFileReference; fileEncoding = 4; lastKnownFileType = sourcecode.c.h; path = ShopItemDetailPurchaseCell.h; sourceTree = "<group>"; };
		9BD2EE9213E35E1400594DF1 /* ShopItemDetailPurchaseCell.m */ = {isa = PBXFileReference; fileEncoding = 4; lastKnownFileType = sourcecode.c.objc; path = ShopItemDetailPurchaseCell.m; sourceTree = "<group>"; };
		9BD2EE9413E3674600594DF1 /* blueBuyButton.png */ = {isa = PBXFileReference; lastKnownFileType = image.png; path = blueBuyButton.png; sourceTree = "<group>"; };
		9BD2EE9513E3674600594DF1 /* blueBuyButton@2x.png */ = {isa = PBXFileReference; lastKnownFileType = image.png; path = "blueBuyButton@2x.png"; sourceTree = "<group>"; };
		9BD2EE9613E3674600594DF1 /* greenBuyButton.png */ = {isa = PBXFileReference; lastKnownFileType = image.png; path = greenBuyButton.png; sourceTree = "<group>"; };
		9BD2EE9713E3674600594DF1 /* greenBuyButton@2x.png */ = {isa = PBXFileReference; lastKnownFileType = image.png; path = "greenBuyButton@2x.png"; sourceTree = "<group>"; };
		9BD2EE9C13E367D000594DF1 /* BuyButton.h */ = {isa = PBXFileReference; fileEncoding = 4; lastKnownFileType = sourcecode.c.h; path = BuyButton.h; sourceTree = "<group>"; };
		9BD2EE9D13E367D000594DF1 /* BuyButton.m */ = {isa = PBXFileReference; fileEncoding = 4; lastKnownFileType = sourcecode.c.objc; path = BuyButton.m; sourceTree = "<group>"; };
		9BD51DBB13E3434C009A417E /* shopPlaceholder.png */ = {isa = PBXFileReference; lastKnownFileType = image.png; path = shopPlaceholder.png; sourceTree = "<group>"; };
		9BD51DBC13E3434C009A417E /* shopPlaceholder@2x.png */ = {isa = PBXFileReference; lastKnownFileType = image.png; path = "shopPlaceholder@2x.png"; sourceTree = "<group>"; };
		9BD51DBF13E345D9009A417E /* ImageCachingService.h */ = {isa = PBXFileReference; fileEncoding = 4; lastKnownFileType = sourcecode.c.h; path = ImageCachingService.h; sourceTree = "<group>"; };
		9BD51DC013E345D9009A417E /* ImageCachingService.m */ = {isa = PBXFileReference; fileEncoding = 4; lastKnownFileType = sourcecode.c.objc; path = ImageCachingService.m; sourceTree = "<group>"; };
		9BEA0D6813DF6D9500880ACD /* AppProductRemoteService.h */ = {isa = PBXFileReference; fileEncoding = 4; lastKnownFileType = sourcecode.c.h; path = AppProductRemoteService.h; sourceTree = "<group>"; };
		9BEA0D6913DF6D9500880ACD /* AppProductRemoteService.m */ = {isa = PBXFileReference; fileEncoding = 4; lastKnownFileType = sourcecode.c.objc; path = AppProductRemoteService.m; sourceTree = "<group>"; };
		9BF34EF613D9EE4C00C47028 /* settingsIcon.png */ = {isa = PBXFileReference; lastKnownFileType = image.png; path = settingsIcon.png; sourceTree = "<group>"; };
		9BF34EF713D9EE4C00C47028 /* settingsIcon@2x.png */ = {isa = PBXFileReference; lastKnownFileType = image.png; path = "settingsIcon@2x.png"; sourceTree = "<group>"; };
		9BF34F0013D9F12300C47028 /* LICENSE */ = {isa = PBXFileReference; fileEncoding = 4; lastKnownFileType = text; path = LICENSE; sourceTree = "<group>"; };
		9BF34F0213D9F18100C47028 /* appIcon.png */ = {isa = PBXFileReference; lastKnownFileType = image.png; path = appIcon.png; sourceTree = "<group>"; };
		9BF34F0313D9F18100C47028 /* appIcon@2x.png */ = {isa = PBXFileReference; lastKnownFileType = image.png; path = "appIcon@2x.png"; sourceTree = "<group>"; };
		9BF5ED8413DE14A400C93BF5 /* CandyShopService.h */ = {isa = PBXFileReference; fileEncoding = 4; lastKnownFileType = sourcecode.c.h; path = CandyShopService.h; sourceTree = "<group>"; };
		9BF5ED8513DE14A400C93BF5 /* CandyShopService.m */ = {isa = PBXFileReference; fileEncoding = 4; lastKnownFileType = sourcecode.c.objc; path = CandyShopService.m; sourceTree = "<group>"; };
		9BF5ED8713DE23A200C93BF5 /* welcome */ = {isa = PBXFileReference; lastKnownFileType = folder; path = welcome; sourceTree = "<group>"; };
		9BF5ED8A13DE255D00C93BF5 /* NSObject+popup.h */ = {isa = PBXFileReference; fileEncoding = 4; lastKnownFileType = sourcecode.c.h; path = "NSObject+popup.h"; sourceTree = "<group>"; };
		9BF5ED8B13DE255D00C93BF5 /* NSObject+popup.m */ = {isa = PBXFileReference; fileEncoding = 4; lastKnownFileType = sourcecode.c.objc; path = "NSObject+popup.m"; sourceTree = "<group>"; };
		9BF5ED9113DE29EA00C93BF5 /* ExchangeSubscriptionNotificationService.h */ = {isa = PBXFileReference; fileEncoding = 4; lastKnownFileType = sourcecode.c.h; path = ExchangeSubscriptionNotificationService.h; sourceTree = "<group>"; };
		9BF5ED9213DE29EA00C93BF5 /* ExchangeSubscriptionNotificationService.m */ = {isa = PBXFileReference; fileEncoding = 4; lastKnownFileType = sourcecode.c.objc; path = ExchangeSubscriptionNotificationService.m; sourceTree = "<group>"; };
		9BF7615413DF915C00B7B70E /* NSObject+waitForCompletion.h */ = {isa = PBXFileReference; fileEncoding = 4; lastKnownFileType = sourcecode.c.h; path = "NSObject+waitForCompletion.h"; sourceTree = "<group>"; };
		9BF7615513DF915C00B7B70E /* NSObject+waitForCompletion.m */ = {isa = PBXFileReference; fileEncoding = 4; lastKnownFileType = sourcecode.c.objc; path = "NSObject+waitForCompletion.m"; sourceTree = "<group>"; };
		9BF7615D13DFDC2C00B7B70E /* EndpointService.h */ = {isa = PBXFileReference; fileEncoding = 4; lastKnownFileType = sourcecode.c.h; path = EndpointService.h; sourceTree = "<group>"; };
		9BF7615E13DFDC2C00B7B70E /* EndpointService.m */ = {isa = PBXFileReference; fileEncoding = 4; lastKnownFileType = sourcecode.c.objc; path = EndpointService.m; sourceTree = "<group>"; };
		9BF7615F13DFDC2C00B7B70E /* HTTPMultipartBuilder.h */ = {isa = PBXFileReference; fileEncoding = 4; lastKnownFileType = sourcecode.c.h; path = HTTPMultipartBuilder.h; sourceTree = "<group>"; };
		9BF7616013DFDC2C00B7B70E /* HTTPMultipartBuilder.m */ = {isa = PBXFileReference; fileEncoding = 4; lastKnownFileType = sourcecode.c.objc; path = HTTPMultipartBuilder.m; sourceTree = "<group>"; };
		9BF7616113DFDC2C00B7B70E /* HTTPRequestService.h */ = {isa = PBXFileReference; fileEncoding = 4; lastKnownFileType = sourcecode.c.h; path = HTTPRequestService.h; sourceTree = "<group>"; };
		9BF7616213DFDC2C00B7B70E /* HTTPRequestService.m */ = {isa = PBXFileReference; fileEncoding = 4; lastKnownFileType = sourcecode.c.objc; path = HTTPRequestService.m; sourceTree = "<group>"; };
		9BF7616313DFDC2C00B7B70E /* RemoteServiceBase.h */ = {isa = PBXFileReference; fileEncoding = 4; lastKnownFileType = sourcecode.c.h; path = RemoteServiceBase.h; sourceTree = "<group>"; };
		9BF7616413DFDC2C00B7B70E /* RemoteServiceBase.m */ = {isa = PBXFileReference; fileEncoding = 4; lastKnownFileType = sourcecode.c.objc; path = RemoteServiceBase.m; sourceTree = "<group>"; };
		9BF7616613DFDC2C00B7B70E /* AttachmentTransfer.h */ = {isa = PBXFileReference; fileEncoding = 4; lastKnownFileType = sourcecode.c.h; path = AttachmentTransfer.h; sourceTree = "<group>"; };
		9BF7616713DFDC2C00B7B70E /* AttachmentTransfer.m */ = {isa = PBXFileReference; fileEncoding = 4; lastKnownFileType = sourcecode.c.objc; path = AttachmentTransfer.m; sourceTree = "<group>"; };
		9BF7616D13DFDCDA00B7B70E /* NSDictionary+join.h */ = {isa = PBXFileReference; fileEncoding = 4; lastKnownFileType = sourcecode.c.h; path = "NSDictionary+join.h"; sourceTree = "<group>"; };
		9BF7616E13DFDCDB00B7B70E /* NSDictionary+join.m */ = {isa = PBXFileReference; fileEncoding = 4; lastKnownFileType = sourcecode.c.objc; path = "NSDictionary+join.m"; sourceTree = "<group>"; };
		9BF7617013DFDD4F00B7B70E /* NSURLRequest+cert.h */ = {isa = PBXFileReference; fileEncoding = 4; lastKnownFileType = sourcecode.c.h; path = "NSURLRequest+cert.h"; sourceTree = "<group>"; };
		9BF7617113DFDD4F00B7B70E /* NSURLRequest+cert.m */ = {isa = PBXFileReference; fileEncoding = 4; lastKnownFileType = sourcecode.c.objc; path = "NSURLRequest+cert.m"; sourceTree = "<group>"; };
		9BF7617513DFDD9D00B7B70E /* Reachability.h */ = {isa = PBXFileReference; fileEncoding = 4; lastKnownFileType = sourcecode.c.h; path = Reachability.h; sourceTree = "<group>"; };
		9BF7617613DFDD9D00B7B70E /* Reachability.m */ = {isa = PBXFileReference; fileEncoding = 4; lastKnownFileType = sourcecode.c.objc; path = Reachability.m; sourceTree = "<group>"; };
		9BF7617813DFDD9D00B7B70E /* JSON.h */ = {isa = PBXFileReference; fileEncoding = 4; lastKnownFileType = sourcecode.c.h; path = JSON.h; sourceTree = "<group>"; };
		9BF7617913DFDD9D00B7B70E /* NSObject+SBJSON.h */ = {isa = PBXFileReference; fileEncoding = 4; lastKnownFileType = sourcecode.c.h; path = "NSObject+SBJSON.h"; sourceTree = "<group>"; };
		9BF7617A13DFDD9D00B7B70E /* NSObject+SBJSON.m */ = {isa = PBXFileReference; fileEncoding = 4; lastKnownFileType = sourcecode.c.objc; path = "NSObject+SBJSON.m"; sourceTree = "<group>"; };
		9BF7617B13DFDD9D00B7B70E /* NSString+SBJSON.h */ = {isa = PBXFileReference; fileEncoding = 4; lastKnownFileType = sourcecode.c.h; path = "NSString+SBJSON.h"; sourceTree = "<group>"; };
		9BF7617C13DFDD9D00B7B70E /* NSString+SBJSON.m */ = {isa = PBXFileReference; fileEncoding = 4; lastKnownFileType = sourcecode.c.objc; path = "NSString+SBJSON.m"; sourceTree = "<group>"; };
		9BF7617D13DFDD9D00B7B70E /* SBJsonBase.h */ = {isa = PBXFileReference; fileEncoding = 4; lastKnownFileType = sourcecode.c.h; path = SBJsonBase.h; sourceTree = "<group>"; };
		9BF7617E13DFDD9D00B7B70E /* SBJsonBase.m */ = {isa = PBXFileReference; fileEncoding = 4; lastKnownFileType = sourcecode.c.objc; path = SBJsonBase.m; sourceTree = "<group>"; };
		9BF7617F13DFDD9D00B7B70E /* SBJsonParser.h */ = {isa = PBXFileReference; fileEncoding = 4; lastKnownFileType = sourcecode.c.h; path = SBJsonParser.h; sourceTree = "<group>"; };
		9BF7618013DFDD9D00B7B70E /* SBJsonParser.m */ = {isa = PBXFileReference; fileEncoding = 4; lastKnownFileType = sourcecode.c.objc; path = SBJsonParser.m; sourceTree = "<group>"; };
		9BF7618113DFDD9D00B7B70E /* SBJsonWriter.h */ = {isa = PBXFileReference; fileEncoding = 4; lastKnownFileType = sourcecode.c.h; path = SBJsonWriter.h; sourceTree = "<group>"; };
		9BF7618213DFDD9D00B7B70E /* SBJsonWriter.m */ = {isa = PBXFileReference; fileEncoding = 4; lastKnownFileType = sourcecode.c.objc; path = SBJsonWriter.m; sourceTree = "<group>"; };
		9BF7619313DFDF6F00B7B70E /* SystemConfiguration.framework */ = {isa = PBXFileReference; lastKnownFileType = wrapper.framework; name = SystemConfiguration.framework; path = System/Library/Frameworks/SystemConfiguration.framework; sourceTree = SDKROOT; };
		9BF761DE13DFF36400B7B70E /* AppProductRemoteServiceTests.h */ = {isa = PBXFileReference; fileEncoding = 4; lastKnownFileType = sourcecode.c.h; path = AppProductRemoteServiceTests.h; sourceTree = "<group>"; };
		9BF761DF13DFF36400B7B70E /* AppProductRemoteServiceTests.m */ = {isa = PBXFileReference; fileEncoding = 4; lastKnownFileType = sourcecode.c.objc; path = AppProductRemoteServiceTests.m; sourceTree = "<group>"; };
/* End PBXFileReference section */

/* Begin PBXFrameworksBuildPhase section */
		9B56B93813D9ED5300A65543 /* Frameworks */ = {
			isa = PBXFrameworksBuildPhase;
			buildActionMask = 2147483647;
			files = (
				9BCE6CE713E0C45200C58AB0 /* StoreKit.framework in Frameworks */,
				9BCE6CDF13E0BDB800C58AB0 /* CoreData.framework in Frameworks */,
				9BF7619413DFDF6F00B7B70E /* SystemConfiguration.framework in Frameworks */,
				9B56B94013D9ED5300A65543 /* UIKit.framework in Frameworks */,
				9B56B94213D9ED5300A65543 /* Foundation.framework in Frameworks */,
				9B56B94413D9ED5300A65543 /* CoreGraphics.framework in Frameworks */,
			);
			runOnlyForDeploymentPostprocessing = 0;
		};
		9B56B95B13D9ED5300A65543 /* Frameworks */ = {
			isa = PBXFrameworksBuildPhase;
			buildActionMask = 2147483647;
			files = (
				9B56B96113D9ED5300A65543 /* SenTestingKit.framework in Frameworks */,
				9B56B96213D9ED5300A65543 /* UIKit.framework in Frameworks */,
				9B56B96313D9ED5300A65543 /* Foundation.framework in Frameworks */,
				9B56B96413D9ED5300A65543 /* CoreGraphics.framework in Frameworks */,
			);
			runOnlyForDeploymentPostprocessing = 0;
		};
/* End PBXFrameworksBuildPhase section */

/* Begin PBXGroup section */
		9B13164B13E73B8700D5253A /* Style */ = {
			isa = PBXGroup;
			children = (
				9B13164C13E73BA500D5253A /* Style.h */,
				9B13164D13E73BBA00D5253A /* UIColor+candy.h */,
				9B13164E13E73BBA00D5253A /* UIColor+candy.m */,
				9B13166213E7C1AC00D5253A /* UIFont+candy.h */,
				9B13166313E7C1AC00D5253A /* UIFont+candy.m */,
			);
			path = Style;
			sourceTree = "<group>";
		};
		9B21C6A313E356E200E5AD14 /* Views */ = {
			isa = PBXGroup;
			children = (
				9B21C6A513E3572C00E5AD14 /* Cells */,
				9BD2EE9C13E367D000594DF1 /* BuyButton.h */,
				9BD2EE9D13E367D000594DF1 /* BuyButton.m */,
			);
			path = Views;
			sourceTree = "<group>";
		};
		9B21C6A513E3572C00E5AD14 /* Cells */ = {
			isa = PBXGroup;
			children = (
				9BD2EE9113E35E1400594DF1 /* ShopItemDetailPurchaseCell.h */,
				9BD2EE9213E35E1400594DF1 /* ShopItemDetailPurchaseCell.m */,
				9B13164813E730CB00D5253A /* ShopListItemCell.h */,
				9B13164913E730CB00D5253A /* ShopListItemCell.m */,
			);
			path = Cells;
			sourceTree = "<group>";
		};
		9B56B93013D9ED5300A65543 = {
			isa = PBXGroup;
			children = (
				9B56B94513D9ED5300A65543 /* CandyStore */,
				9B56B96713D9ED5300A65543 /* CandyStoreTests */,
				9B56B93E13D9ED5300A65543 /* Frameworks */,
				9B56B93C13D9ED5300A65543 /* Products */,
			);
			sourceTree = "<group>";
		};
		9B56B93C13D9ED5300A65543 /* Products */ = {
			isa = PBXGroup;
			children = (
				9B56B93B13D9ED5300A65543 /* CandyStore.app */,
				9B56B95F13D9ED5300A65543 /* CandyStoreTests.octest */,
			);
			name = Products;
			sourceTree = "<group>";
		};
		9B56B93E13D9ED5300A65543 /* Frameworks */ = {
			isa = PBXGroup;
			children = (
				9B56B93F13D9ED5300A65543 /* UIKit.framework */,
				9B56B94113D9ED5300A65543 /* Foundation.framework */,
				9B56B94313D9ED5300A65543 /* CoreGraphics.framework */,
				9B56B96013D9ED5300A65543 /* SenTestingKit.framework */,
				9BF7619313DFDF6F00B7B70E /* SystemConfiguration.framework */,
				9BCE6CDE13E0BDB800C58AB0 /* CoreData.framework */,
				9BCE6CE613E0C45200C58AB0 /* StoreKit.framework */,
			);
			name = Frameworks;
			sourceTree = "<group>";
		};
		9B56B94513D9ED5300A65543 /* CandyStore */ = {
			isa = PBXGroup;
			children = (
				9BF5ED8713DE23A200C93BF5 /* welcome */,
				9B13164B13E73B8700D5253A /* Style */,
				9BF5ED8913DE251600C93BF5 /* Category */,
				9B64118C13DDEE650099007A /* images */,
				9B56B97A13D9EDF000A65543 /* Application */,
				9B56B97D13D9EDF000A65543 /* Controllers */,
				9B21C6A313E356E200E5AD14 /* Views */,
				9BCE6CD813E0BD0400C58AB0 /* Model */,
				9BCE6CEF13E0CB9400C58AB0 /* Repository */,
				9B64119D13DDF0D00099007A /* Services */,
				9B56B97913D9EDBA00A65543 /* en.lproj */,
				9B56B94613D9ED5300A65543 /* Supporting Files */,
				9BF7617313DFDD9D00B7B70E /* Third Party */,
			);
			path = CandyStore;
			sourceTree = "<group>";
		};
		9B56B94613D9ED5300A65543 /* Supporting Files */ = {
			isa = PBXGroup;
			children = (
				9B56B94713D9ED5300A65543 /* CandyStore-Info.plist */,
				9B56B94D13D9ED5300A65543 /* CandyStore-Prefix.pch */,
				9B56B94B13D9ED5300A65543 /* main.m */,
				9BF34F0213D9F18100C47028 /* appIcon.png */,
				9BF34F0313D9F18100C47028 /* appIcon@2x.png */,
				9BF34EF613D9EE4C00C47028 /* settingsIcon.png */,
				9BF34EF713D9EE4C00C47028 /* settingsIcon@2x.png */,
				9B91BDE813DF56BE0046C8BA /* iTunesArtwork */,
				9BF34F0013D9F12300C47028 /* LICENSE */,
			);
			name = "Supporting Files";
			sourceTree = "<group>";
		};
		9B56B96713D9ED5300A65543 /* CandyStoreTests */ = {
			isa = PBXGroup;
			children = (
				9BF7615213DF911600B7B70E /* Category */,
				9B56B96813D9ED5300A65543 /* Supporting Files */,
				9B6411CA13DE12B30099007A /* CandyShopServiceTests.h */,
				9B6411CB13DE12B30099007A /* CandyShopServiceTests.m */,
				9BA7D97113DE2DAF00D02880 /* ExchangeSubscriptionNotificationServiceTests.h */,
				9BA7D97213DE2DAF00D02880 /* ExchangeSubscriptionNotificationServiceTests.m */,
				9BF761DE13DFF36400B7B70E /* AppProductRemoteServiceTests.h */,
				9BF761DF13DFF36400B7B70E /* AppProductRemoteServiceTests.m */,
				9B39C5FF13E0734C00685A10 /* AppProductRemoteServiceConnectivityTests.h */,
				9B39C60013E0734C00685A10 /* AppProductRemoteServiceConnectivityTests.m */,
			);
			path = CandyStoreTests;
			sourceTree = "<group>";
		};
		9B56B96813D9ED5300A65543 /* Supporting Files */ = {
			isa = PBXGroup;
			children = (
				9B56B96913D9ED5300A65543 /* CandyStoreTests-Info.plist */,
				9B56B96A13D9ED5300A65543 /* InfoPlist.strings */,
			);
			name = "Supporting Files";
			sourceTree = "<group>";
		};
		9B56B97913D9EDBA00A65543 /* en.lproj */ = {
			isa = PBXGroup;
			children = (
				9B56B95113D9ED5300A65543 /* MainWindow.xib */,
				9B56B94813D9ED5300A65543 /* InfoPlist.strings */,
				9B64117A13DDCE880099007A /* CandyJarViewController.xib */,
				9B64117D13DDCE950099007A /* CandyShopViewController.xib */,
				9B64118013DDCEA50099007A /* CandyExchangeViewController.xib */,
				9B21C6A613E357A900E5AD14 /* ShopItemDetailPurchaseCell.xib */,
				9B13164513E72E7600D5253A /* ShopListItemCell.xib */,
				9B13165913E74AA700D5253A /* ShopItemDetailViewController.xib */,
			);
			path = en.lproj;
			sourceTree = "<group>";
		};
		9B56B97A13D9EDF000A65543 /* Application */ = {
			isa = PBXGroup;
			children = (
				9B56B97B13D9EDF000A65543 /* CandyStoreAppDelegate.h */,
				9B56B97C13D9EDF000A65543 /* CandyStoreAppDelegate.m */,
			);
			path = Application;
			sourceTree = "<group>";
		};
		9B56B97D13D9EDF000A65543 /* Controllers */ = {
			isa = PBXGroup;
			children = (
				9B64118313DDCF020099007A /* CandyJarViewController.h */,
				9B64118413DDCF020099007A /* CandyJarViewController.m */,
				9B64118613DDCF110099007A /* CandyShopViewController.h */,
				9B64118713DDCF110099007A /* CandyShopViewController.m */,
				9B64118913DDCF200099007A /* CandyExchangeViewController.h */,
				9B64118A13DDCF200099007A /* CandyExchangeViewController.m */,
				9BCAA78A13E316EF00C92FBB /* RefreshingTableViewController.h */,
				9BCAA78B13E316EF00C92FBB /* RefreshingTableViewController.m */,
				9B13165C13E74ABD00D5253A /* ShopItemDetailViewController.h */,
				9B13165D13E74ABE00D5253A /* ShopItemDetailViewController.m */,
			);
			path = Controllers;
			sourceTree = "<group>";
		};
		9B64118C13DDEE650099007A /* images */ = {
			isa = PBXGroup;
			children = (
				9B64118D13DDEE660099007A /* bigJarTab.png */,
				9B64118E13DDEE660099007A /* bigJarTab@2x.png */,
				9B64118F13DDEE660099007A /* exchangeTab.png */,
				9B64119013DDEE660099007A /* exchangeTab@2x.png */,
				9B64119113DDEE660099007A /* shopTab.png */,
				9B64119213DDEE660099007A /* shopTab@2x.png */,
				9B64119313DDEE660099007A /* smallJarTab.png */,
				9B64119413DDEE660099007A /* smallJarTab@2x.png */,
				9BD51DBB13E3434C009A417E /* shopPlaceholder.png */,
				9BD51DBC13E3434C009A417E /* shopPlaceholder@2x.png */,
				9BD2EE9413E3674600594DF1 /* blueBuyButton.png */,
				9BD2EE9513E3674600594DF1 /* blueBuyButton@2x.png */,
				9BD2EE9613E3674600594DF1 /* greenBuyButton.png */,
				9BD2EE9713E3674600594DF1 /* greenBuyButton@2x.png */,
			);
			path = images;
			sourceTree = "<group>";
		};
		9B64119D13DDF0D00099007A /* Services */ = {
			isa = PBXGroup;
			children = (
				9BF7616513DFDC2C00B7B70E /* TransferObjects */,
				9BF7615D13DFDC2C00B7B70E /* EndpointService.h */,
				9BF7615E13DFDC2C00B7B70E /* EndpointService.m */,
				9BF7615F13DFDC2C00B7B70E /* HTTPMultipartBuilder.h */,
				9BF7616013DFDC2C00B7B70E /* HTTPMultipartBuilder.m */,
				9BF7616113DFDC2C00B7B70E /* HTTPRequestService.h */,
				9BF7616213DFDC2C00B7B70E /* HTTPRequestService.m */,
				9BF7616313DFDC2C00B7B70E /* RemoteServiceBase.h */,
				9BF7616413DFDC2C00B7B70E /* RemoteServiceBase.m */,
				9BF5ED8413DE14A400C93BF5 /* CandyShopService.h */,
				9BF5ED8513DE14A400C93BF5 /* CandyShopService.m */,
				9BF5ED9113DE29EA00C93BF5 /* ExchangeSubscriptionNotificationService.h */,
				9BF5ED9213DE29EA00C93BF5 /* ExchangeSubscriptionNotificationService.m */,
				9BEA0D6813DF6D9500880ACD /* AppProductRemoteService.h */,
				9BEA0D6913DF6D9500880ACD /* AppProductRemoteService.m */,
				9BCE6CE813E0C5D700C58AB0 /* ProductBuilderService.h */,
				9BCE6CE913E0C5D700C58AB0 /* ProductBuilderService.m */,
				9BD51DBF13E345D9009A417E /* ImageCachingService.h */,
				9BD51DC013E345D9009A417E /* ImageCachingService.m */,
				9B13165613E7480700D5253A /* TransactionReceiptService.h */,
				9B13165713E7480700D5253A /* TransactionReceiptService.m */,
			);
			path = Services;
			sourceTree = "<group>";
		};
		9BCE6CD813E0BD0400C58AB0 /* Model */ = {
			isa = PBXGroup;
			children = (
				9BCE6D1213E1F07D00C58AB0 /* ModelCategory */,
				9BCE6CDA13E0BD7C00C58AB0 /* Model.h */,
				9BCE6CDB13E0BD7C00C58AB0 /* ModelCore.h */,
				9BCE6CDC13E0BD7C00C58AB0 /* ModelCore.m */,
				9BCE6CE013E0BF6800C58AB0 /* CandyStore.xcdatamodeld */,
				9B4AE67813E851A70034A43A /* Purchase.h */,
				9B4AE67913E851A70034A43A /* Purchase.m */,
				9B4AE67513E851A60034A43A /* Product.h */,
				9B4AE67613E851A60034A43A /* Product.m */,
			);
			path = Model;
			sourceTree = "<group>";
		};
		9BCE6CEF13E0CB9400C58AB0 /* Repository */ = {
			isa = PBXGroup;
			children = (
				9BCE6CF013E0CB9400C58AB0 /* RepositoryBase.h */,
				9BCE6CF113E0CB9400C58AB0 /* RepositoryBase.m */,
				9BCE6CF313E0CBC000C58AB0 /* ProductRepository.h */,
				9BCE6CF413E0CBC000C58AB0 /* ProductRepository.m */,
				9B4AE67B13E858630034A43A /* PurchaseRepository.h */,
				9B4AE67C13E858630034A43A /* PurchaseRepository.m */,
			);
			path = Repository;
			sourceTree = "<group>";
		};
		9BCE6D1213E1F07D00C58AB0 /* ModelCategory */ = {
			isa = PBXGroup;
			children = (
				9BCE6D1913E22A0F00C58AB0 /* Product+model.h */,
				9BCE6D1A13E22A0F00C58AB0 /* Product+model.m */,
			);
			path = ModelCategory;
			sourceTree = "<group>";
		};
		9BF5ED8913DE251600C93BF5 /* Category */ = {
			isa = PBXGroup;
			children = (
				9BA7D97513DE2E6F00D02880 /* UIApplication+delegate.h */,
				9BA7D97613DE2E6F00D02880 /* UIApplication+delegate.m */,
				9BF5ED8A13DE255D00C93BF5 /* NSObject+popup.h */,
				9BF5ED8B13DE255D00C93BF5 /* NSObject+popup.m */,
				9BF7616D13DFDCDA00B7B70E /* NSDictionary+join.h */,
				9BF7616E13DFDCDB00B7B70E /* NSDictionary+join.m */,
				9BF7617013DFDD4F00B7B70E /* NSURLRequest+cert.h */,
				9BF7617113DFDD4F00B7B70E /* NSURLRequest+cert.m */,
				9BCAA78E13E3196200C92FBB /* UIViewController+barButtons.h */,
				9BCAA78F13E3196200C92FBB /* UIViewController+barButtons.m */,
				9BCAA79113E31AAD00C92FBB /* UITableViewCell+activity.h */,
				9BCAA79213E31AAD00C92FBB /* UITableViewCell+activity.m */,
				9B13165313E73C8B00D5253A /* UIColor+helpers.h */,
				9B13165413E73C8B00D5253A /* UIColor+helpers.m */,
				9B13165F13E74B7200D5253A /* UIViewController+newWithDefaultNib.h */,
				9B13166013E74B7200D5253A /* UIViewController+newWithDefaultNib.m */,
			);
			path = Category;
			sourceTree = "<group>";
		};
		9BF7615213DF911600B7B70E /* Category */ = {
			isa = PBXGroup;
			children = (
				9BF7615413DF915C00B7B70E /* NSObject+waitForCompletion.h */,
				9BF7615513DF915C00B7B70E /* NSObject+waitForCompletion.m */,
			);
			path = Category;
			sourceTree = "<group>";
		};
		9BF7616513DFDC2C00B7B70E /* TransferObjects */ = {
			isa = PBXGroup;
			children = (
				9BF7616613DFDC2C00B7B70E /* AttachmentTransfer.h */,
				9BF7616713DFDC2C00B7B70E /* AttachmentTransfer.m */,
			);
			path = TransferObjects;
			sourceTree = "<group>";
		};
		9BF7617313DFDD9D00B7B70E /* Third Party */ = {
			isa = PBXGroup;
			children = (
				9BF7617413DFDD9D00B7B70E /* Apple */,
				9BF7617713DFDD9D00B7B70E /* JSON */,
			);
			path = "Third Party";
			sourceTree = "<group>";
		};
		9BF7617413DFDD9D00B7B70E /* Apple */ = {
			isa = PBXGroup;
			children = (
				9BF7617513DFDD9D00B7B70E /* Reachability.h */,
				9BF7617613DFDD9D00B7B70E /* Reachability.m */,
			);
			path = Apple;
			sourceTree = "<group>";
		};
		9BF7617713DFDD9D00B7B70E /* JSON */ = {
			isa = PBXGroup;
			children = (
				9BF7617813DFDD9D00B7B70E /* JSON.h */,
				9BF7617913DFDD9D00B7B70E /* NSObject+SBJSON.h */,
				9BF7617A13DFDD9D00B7B70E /* NSObject+SBJSON.m */,
				9BF7617B13DFDD9D00B7B70E /* NSString+SBJSON.h */,
				9BF7617C13DFDD9D00B7B70E /* NSString+SBJSON.m */,
				9BF7617D13DFDD9D00B7B70E /* SBJsonBase.h */,
				9BF7617E13DFDD9D00B7B70E /* SBJsonBase.m */,
				9BF7617F13DFDD9D00B7B70E /* SBJsonParser.h */,
				9BF7618013DFDD9D00B7B70E /* SBJsonParser.m */,
				9BF7618113DFDD9D00B7B70E /* SBJsonWriter.h */,
				9BF7618213DFDD9D00B7B70E /* SBJsonWriter.m */,
			);
			path = JSON;
			sourceTree = "<group>";
		};
/* End PBXGroup section */

/* Begin PBXNativeTarget section */
		9B56B93A13D9ED5300A65543 /* CandyStore */ = {
			isa = PBXNativeTarget;
			buildConfigurationList = 9B56B97313D9ED5300A65543 /* Build configuration list for PBXNativeTarget "CandyStore" */;
			buildPhases = (
				9B56B93713D9ED5300A65543 /* Sources */,
				9B56B93813D9ED5300A65543 /* Frameworks */,
				9B56B93913D9ED5300A65543 /* Resources */,
			);
			buildRules = (
			);
			dependencies = (
			);
			name = CandyStore;
			productName = CandyStore;
			productReference = 9B56B93B13D9ED5300A65543 /* CandyStore.app */;
			productType = "com.apple.product-type.application";
		};
		9B56B95E13D9ED5300A65543 /* CandyStoreTests */ = {
			isa = PBXNativeTarget;
			buildConfigurationList = 9B56B97613D9ED5300A65543 /* Build configuration list for PBXNativeTarget "CandyStoreTests" */;
			buildPhases = (
				9B56B95A13D9ED5300A65543 /* Sources */,
				9B56B95B13D9ED5300A65543 /* Frameworks */,
				9B56B95C13D9ED5300A65543 /* Resources */,
				9B56B95D13D9ED5300A65543 /* ShellScript */,
			);
			buildRules = (
			);
			dependencies = (
				9B56B96613D9ED5300A65543 /* PBXTargetDependency */,
			);
			name = CandyStoreTests;
			productName = CandyStoreTests;
			productReference = 9B56B95F13D9ED5300A65543 /* CandyStoreTests.octest */;
			productType = "com.apple.product-type.bundle";
		};
/* End PBXNativeTarget section */

/* Begin PBXProject section */
		9B56B93213D9ED5300A65543 /* Project object */ = {
			isa = PBXProject;
			attributes = {
				ORGANIZATIONNAME = "Daniel Norton";
			};
			buildConfigurationList = 9B56B93513D9ED5300A65543 /* Build configuration list for PBXProject "CandyStore" */;
			compatibilityVersion = "Xcode 3.2";
			developmentRegion = English;
			hasScannedForEncodings = 0;
			knownRegions = (
				en,
			);
			mainGroup = 9B56B93013D9ED5300A65543;
			productRefGroup = 9B56B93C13D9ED5300A65543 /* Products */;
			projectDirPath = "";
			projectRoot = "";
			targets = (
				9B56B93A13D9ED5300A65543 /* CandyStore */,
				9B56B95E13D9ED5300A65543 /* CandyStoreTests */,
			);
		};
/* End PBXProject section */

/* Begin PBXResourcesBuildPhase section */
		9B56B93913D9ED5300A65543 /* Resources */ = {
			isa = PBXResourcesBuildPhase;
			buildActionMask = 2147483647;
			files = (
				9B56B94A13D9ED5300A65543 /* InfoPlist.strings in Resources */,
				9B56B95313D9ED5300A65543 /* MainWindow.xib in Resources */,
				9BF34EF813D9EE4C00C47028 /* settingsIcon.png in Resources */,
				9BF34EF913D9EE4C00C47028 /* settingsIcon@2x.png in Resources */,
				9BF34F0113D9F12300C47028 /* LICENSE in Resources */,
				9BF34F0413D9F18200C47028 /* appIcon.png in Resources */,
				9BF34F0513D9F18200C47028 /* appIcon@2x.png in Resources */,
				9B64117C13DDCE880099007A /* CandyJarViewController.xib in Resources */,
				9B64117F13DDCE950099007A /* CandyShopViewController.xib in Resources */,
				9B64118213DDCEA50099007A /* CandyExchangeViewController.xib in Resources */,
				9B64119513DDEE660099007A /* bigJarTab.png in Resources */,
				9B64119613DDEE660099007A /* bigJarTab@2x.png in Resources */,
				9B64119713DDEE660099007A /* exchangeTab.png in Resources */,
				9B64119813DDEE660099007A /* exchangeTab@2x.png in Resources */,
				9B64119913DDEE660099007A /* shopTab.png in Resources */,
				9B64119A13DDEE660099007A /* shopTab@2x.png in Resources */,
				9B64119B13DDEE660099007A /* smallJarTab.png in Resources */,
				9B64119C13DDEE660099007A /* smallJarTab@2x.png in Resources */,
				9BF5ED8813DE23A200C93BF5 /* welcome in Resources */,
				9B91BDE913DF56BE0046C8BA /* iTunesArtwork in Resources */,
				9BD51DBD13E3434C009A417E /* shopPlaceholder.png in Resources */,
				9BD51DBE13E3434C009A417E /* shopPlaceholder@2x.png in Resources */,
				9B21C6A813E357A900E5AD14 /* ShopItemDetailPurchaseCell.xib in Resources */,
				9BD2EE9813E3674600594DF1 /* blueBuyButton.png in Resources */,
				9BD2EE9913E3674600594DF1 /* blueBuyButton@2x.png in Resources */,
				9BD2EE9A13E3674600594DF1 /* greenBuyButton.png in Resources */,
				9BD2EE9B13E3674600594DF1 /* greenBuyButton@2x.png in Resources */,
				9B13164713E72E7600D5253A /* ShopListItemCell.xib in Resources */,
				9B13165B13E74AA700D5253A /* ShopItemDetailViewController.xib in Resources */,
			);
			runOnlyForDeploymentPostprocessing = 0;
		};
		9B56B95C13D9ED5300A65543 /* Resources */ = {
			isa = PBXResourcesBuildPhase;
			buildActionMask = 2147483647;
			files = (
				9B56B96C13D9ED5300A65543 /* InfoPlist.strings in Resources */,
			);
			runOnlyForDeploymentPostprocessing = 0;
		};
/* End PBXResourcesBuildPhase section */

/* Begin PBXShellScriptBuildPhase section */
		9B56B95D13D9ED5300A65543 /* ShellScript */ = {
			isa = PBXShellScriptBuildPhase;
			buildActionMask = 2147483647;
			files = (
			);
			inputPaths = (
			);
			outputPaths = (
			);
			runOnlyForDeploymentPostprocessing = 0;
			shellPath = /bin/sh;
			shellScript = "# Run the unit tests in this test bundle.\n\"${SYSTEM_DEVELOPER_DIR}/Tools/RunUnitTests\"\n";
		};
/* End PBXShellScriptBuildPhase section */

/* Begin PBXSourcesBuildPhase section */
		9B56B93713D9ED5300A65543 /* Sources */ = {
			isa = PBXSourcesBuildPhase;
			buildActionMask = 2147483647;
			files = (
				9B56B94C13D9ED5300A65543 /* main.m in Sources */,
				9B56B98013D9EDF000A65543 /* CandyStoreAppDelegate.m in Sources */,
				9B64118513DDCF020099007A /* CandyJarViewController.m in Sources */,
				9B64118813DDCF110099007A /* CandyShopViewController.m in Sources */,
				9B64118B13DDCF200099007A /* CandyExchangeViewController.m in Sources */,
				9BF5ED8613DE14A400C93BF5 /* CandyShopService.m in Sources */,
				9BF5ED8C13DE255D00C93BF5 /* NSObject+popup.m in Sources */,
				9BF5ED9313DE29EA00C93BF5 /* ExchangeSubscriptionNotificationService.m in Sources */,
				9BA7D97713DE2E6F00D02880 /* UIApplication+delegate.m in Sources */,
				9BEA0D6A13DF6D9500880ACD /* AppProductRemoteService.m in Sources */,
				9BF7616813DFDC2C00B7B70E /* EndpointService.m in Sources */,
				9BF7616913DFDC2C00B7B70E /* HTTPMultipartBuilder.m in Sources */,
				9BF7616A13DFDC2C00B7B70E /* HTTPRequestService.m in Sources */,
				9BF7616B13DFDC2C00B7B70E /* RemoteServiceBase.m in Sources */,
				9BF7616C13DFDC2C00B7B70E /* AttachmentTransfer.m in Sources */,
				9BF7616F13DFDCDB00B7B70E /* NSDictionary+join.m in Sources */,
				9BF7617213DFDD4F00B7B70E /* NSURLRequest+cert.m in Sources */,
				9BF7618A13DFDD9D00B7B70E /* Reachability.m in Sources */,
				9BF7618B13DFDD9D00B7B70E /* NSObject+SBJSON.m in Sources */,
				9BF7618C13DFDD9D00B7B70E /* NSString+SBJSON.m in Sources */,
				9BF7618D13DFDD9D00B7B70E /* SBJsonBase.m in Sources */,
				9BF7618E13DFDD9D00B7B70E /* SBJsonParser.m in Sources */,
				9BF7618F13DFDD9D00B7B70E /* SBJsonWriter.m in Sources */,
				9BCE6CDD13E0BD7C00C58AB0 /* ModelCore.m in Sources */,
				9BCE6CE213E0BF6800C58AB0 /* CandyStore.xcdatamodeld in Sources */,
				9BCE6CEA13E0C5D700C58AB0 /* ProductBuilderService.m in Sources */,
				9BCE6CF213E0CB9400C58AB0 /* RepositoryBase.m in Sources */,
				9BCE6CF513E0CBC000C58AB0 /* ProductRepository.m in Sources */,
				9BCE6D1B13E22A0F00C58AB0 /* Product+model.m in Sources */,
				9BCAA78C13E316EF00C92FBB /* RefreshingTableViewController.m in Sources */,
				9BCAA79013E3196200C92FBB /* UIViewController+barButtons.m in Sources */,
				9BCAA79313E31AAE00C92FBB /* UITableViewCell+activity.m in Sources */,
				9BD51DC113E345D9009A417E /* ImageCachingService.m in Sources */,
				9BD2EE9313E35E1400594DF1 /* ShopItemDetailPurchaseCell.m in Sources */,
				9BD2EE9E13E367D000594DF1 /* BuyButton.m in Sources */,
				9B13164A13E730CB00D5253A /* ShopListItemCell.m in Sources */,
				9B13164F13E73BBA00D5253A /* UIColor+candy.m in Sources */,
				9B13165513E73C8B00D5253A /* UIColor+helpers.m in Sources */,
				9B13165813E7480700D5253A /* TransactionReceiptService.m in Sources */,
				9B13165E13E74ABE00D5253A /* ShopItemDetailViewController.m in Sources */,
				9B13166113E74B7200D5253A /* UIViewController+newWithDefaultNib.m in Sources */,
				9B13166413E7C1AD00D5253A /* UIFont+candy.m in Sources */,
				9B4AE67713E851A60034A43A /* Product.m in Sources */,
				9B4AE67A13E851A70034A43A /* Purchase.m in Sources */,
				9B4AE67D13E858630034A43A /* PurchaseRepository.m in Sources */,
			);
			runOnlyForDeploymentPostprocessing = 0;
		};
		9B56B95A13D9ED5300A65543 /* Sources */ = {
			isa = PBXSourcesBuildPhase;
			buildActionMask = 2147483647;
			files = (
				9BF5ED8313DE142100C93BF5 /* CandyShopServiceTests.m in Sources */,
				9BA7D97413DE2DEC00D02880 /* ExchangeSubscriptionNotificationServiceTests.m in Sources */,
				9BF7615613DF915C00B7B70E /* NSObject+waitForCompletion.m in Sources */,
				9BF761E013DFF36400B7B70E /* AppProductRemoteServiceTests.m in Sources */,
				9B39C60113E0734C00685A10 /* AppProductRemoteServiceConnectivityTests.m in Sources */,
			);
			runOnlyForDeploymentPostprocessing = 0;
		};
/* End PBXSourcesBuildPhase section */

/* Begin PBXTargetDependency section */
		9B56B96613D9ED5300A65543 /* PBXTargetDependency */ = {
			isa = PBXTargetDependency;
			target = 9B56B93A13D9ED5300A65543 /* CandyStore */;
			targetProxy = 9B56B96513D9ED5300A65543 /* PBXContainerItemProxy */;
		};
/* End PBXTargetDependency section */

/* Begin PBXVariantGroup section */
		9B13164513E72E7600D5253A /* ShopListItemCell.xib */ = {
			isa = PBXVariantGroup;
			children = (
				9B13164613E72E7600D5253A /* en */,
			);
			name = ShopListItemCell.xib;
			sourceTree = "<group>";
		};
		9B13165913E74AA700D5253A /* ShopItemDetailViewController.xib */ = {
			isa = PBXVariantGroup;
			children = (
				9B13165A13E74AA700D5253A /* en */,
			);
			name = ShopItemDetailViewController.xib;
			sourceTree = "<group>";
		};
		9B21C6A613E357A900E5AD14 /* ShopItemDetailPurchaseCell.xib */ = {
			isa = PBXVariantGroup;
			children = (
				9B21C6A713E357A900E5AD14 /* en */,
			);
			name = ShopItemDetailPurchaseCell.xib;
			sourceTree = "<group>";
		};
		9B56B94813D9ED5300A65543 /* InfoPlist.strings */ = {
			isa = PBXVariantGroup;
			children = (
				9B56B94913D9ED5300A65543 /* en */,
			);
			name = InfoPlist.strings;
			path = ..;
			sourceTree = "<group>";
		};
		9B56B95113D9ED5300A65543 /* MainWindow.xib */ = {
			isa = PBXVariantGroup;
			children = (
				9B56B95213D9ED5300A65543 /* en */,
			);
			name = MainWindow.xib;
			path = ..;
			sourceTree = "<group>";
		};
		9B56B96A13D9ED5300A65543 /* InfoPlist.strings */ = {
			isa = PBXVariantGroup;
			children = (
				9B56B96B13D9ED5300A65543 /* en */,
			);
			name = InfoPlist.strings;
			sourceTree = "<group>";
		};
		9B64117A13DDCE880099007A /* CandyJarViewController.xib */ = {
			isa = PBXVariantGroup;
			children = (
				9B64117B13DDCE880099007A /* en */,
			);
			name = CandyJarViewController.xib;
			sourceTree = "<group>";
		};
		9B64117D13DDCE950099007A /* CandyShopViewController.xib */ = {
			isa = PBXVariantGroup;
			children = (
				9B64117E13DDCE950099007A /* en */,
			);
			name = CandyShopViewController.xib;
			sourceTree = "<group>";
		};
		9B64118013DDCEA50099007A /* CandyExchangeViewController.xib */ = {
			isa = PBXVariantGroup;
			children = (
				9B64118113DDCEA50099007A /* en */,
			);
			name = CandyExchangeViewController.xib;
			sourceTree = "<group>";
		};
/* End PBXVariantGroup section */

/* Begin XCBuildConfiguration section */
		9B56B97113D9ED5300A65543 /* Debug */ = {
			isa = XCBuildConfiguration;
			buildSettings = {
				ALWAYS_SEARCH_USER_PATHS = NO;
				ARCHS = "$(ARCHS_STANDARD_32_BIT)";
				"CODE_SIGN_IDENTITY[sdk=iphoneos*]" = "iPhone Developer";
				COPY_PHASE_STRIP = NO;
				GCC_C_LANGUAGE_STANDARD = gnu99;
				GCC_DYNAMIC_NO_PIC = NO;
				GCC_OPTIMIZATION_LEVEL = 0;
				GCC_PREPROCESSOR_DEFINITIONS = (
					"DEBUG=1",
					"$(inherited)",
				);
				GCC_SYMBOLS_PRIVATE_EXTERN = NO;
				GCC_VERSION = com.apple.compilers.llvmgcc42;
				GCC_WARN_ABOUT_MISSING_PROTOTYPES = YES;
				GCC_WARN_ABOUT_RETURN_TYPE = YES;
				GCC_WARN_UNUSED_VARIABLE = YES;
				IPHONEOS_DEPLOYMENT_TARGET = 4.3;
				SDKROOT = iphoneos;
			};
			name = Debug;
		};
		9B56B97213D9ED5300A65543 /* Release */ = {
			isa = XCBuildConfiguration;
			buildSettings = {
				ALWAYS_SEARCH_USER_PATHS = NO;
				ARCHS = "$(ARCHS_STANDARD_32_BIT)";
				"CODE_SIGN_IDENTITY[sdk=iphoneos*]" = "iPhone Developer";
				COPY_PHASE_STRIP = YES;
				GCC_C_LANGUAGE_STANDARD = gnu99;
				GCC_VERSION = com.apple.compilers.llvmgcc42;
				GCC_WARN_ABOUT_MISSING_PROTOTYPES = YES;
				GCC_WARN_ABOUT_RETURN_TYPE = YES;
				GCC_WARN_UNUSED_VARIABLE = YES;
				IPHONEOS_DEPLOYMENT_TARGET = 4.3;
				OTHER_CFLAGS = "-DNS_BLOCK_ASSERTIONS=1";
				SDKROOT = iphoneos;
				VALIDATE_PRODUCT = YES;
			};
			name = Release;
		};
		9B56B97413D9ED5300A65543 /* Debug */ = {
			isa = XCBuildConfiguration;
			buildSettings = {
				GCC_PRECOMPILE_PREFIX_HEADER = YES;
				GCC_PREFIX_HEADER = "CandyStore/CandyStore-Prefix.pch";
				INFOPLIST_FILE = "CandyStore/CandyStore-Info.plist";
				PRODUCT_NAME = "$(TARGET_NAME)";
				WRAPPER_EXTENSION = app;
			};
			name = Debug;
		};
		9B56B97513D9ED5300A65543 /* Release */ = {
			isa = XCBuildConfiguration;
			buildSettings = {
				GCC_PRECOMPILE_PREFIX_HEADER = YES;
				GCC_PREFIX_HEADER = "CandyStore/CandyStore-Prefix.pch";
				INFOPLIST_FILE = "CandyStore/CandyStore-Info.plist";
				PRODUCT_NAME = "$(TARGET_NAME)";
				WRAPPER_EXTENSION = app;
			};
			name = Release;
		};
		9B56B97713D9ED5300A65543 /* Debug */ = {
			isa = XCBuildConfiguration;
			buildSettings = {
				BUNDLE_LOADER = "$(BUILT_PRODUCTS_DIR)/CandyStore.app/CandyStore";
				FRAMEWORK_SEARCH_PATHS = (
					"$(SDKROOT)/Developer/Library/Frameworks",
					"$(DEVELOPER_LIBRARY_DIR)/Frameworks",
				);
				GCC_PRECOMPILE_PREFIX_HEADER = YES;
				GCC_PREFIX_HEADER = "CandyStore/CandyStore-Prefix.pch";
				INFOPLIST_FILE = "CandyStoreTests/CandyStoreTests-Info.plist";
				PRODUCT_NAME = "$(TARGET_NAME)";
				TEST_HOST = "$(BUNDLE_LOADER)";
				WRAPPER_EXTENSION = octest;
			};
			name = Debug;
		};
		9B56B97813D9ED5300A65543 /* Release */ = {
			isa = XCBuildConfiguration;
			buildSettings = {
				BUNDLE_LOADER = "$(BUILT_PRODUCTS_DIR)/CandyStore.app/CandyStore";
				FRAMEWORK_SEARCH_PATHS = (
					"$(SDKROOT)/Developer/Library/Frameworks",
					"$(DEVELOPER_LIBRARY_DIR)/Frameworks",
				);
				GCC_PRECOMPILE_PREFIX_HEADER = YES;
				GCC_PREFIX_HEADER = "CandyStore/CandyStore-Prefix.pch";
				INFOPLIST_FILE = "CandyStoreTests/CandyStoreTests-Info.plist";
				PRODUCT_NAME = "$(TARGET_NAME)";
				TEST_HOST = "$(BUNDLE_LOADER)";
				WRAPPER_EXTENSION = octest;
			};
			name = Release;
		};
/* End XCBuildConfiguration section */

/* Begin XCConfigurationList section */
		9B56B93513D9ED5300A65543 /* Build configuration list for PBXProject "CandyStore" */ = {
			isa = XCConfigurationList;
			buildConfigurations = (
				9B56B97113D9ED5300A65543 /* Debug */,
				9B56B97213D9ED5300A65543 /* Release */,
			);
			defaultConfigurationIsVisible = 0;
			defaultConfigurationName = Release;
		};
		9B56B97313D9ED5300A65543 /* Build configuration list for PBXNativeTarget "CandyStore" */ = {
			isa = XCConfigurationList;
			buildConfigurations = (
				9B56B97413D9ED5300A65543 /* Debug */,
				9B56B97513D9ED5300A65543 /* Release */,
			);
			defaultConfigurationIsVisible = 0;
			defaultConfigurationName = Release;
		};
		9B56B97613D9ED5300A65543 /* Build configuration list for PBXNativeTarget "CandyStoreTests" */ = {
			isa = XCConfigurationList;
			buildConfigurations = (
				9B56B97713D9ED5300A65543 /* Debug */,
				9B56B97813D9ED5300A65543 /* Release */,
			);
			defaultConfigurationIsVisible = 0;
			defaultConfigurationName = Release;
		};
/* End XCConfigurationList section */

/* Begin XCVersionGroup section */
		9BCE6CE013E0BF6800C58AB0 /* CandyStore.xcdatamodeld */ = {
			isa = XCVersionGroup;
			children = (
				9BCE6CE113E0BF6800C58AB0 /* CandyStore.xcdatamodel */,
			);
			currentVersion = 9BCE6CE113E0BF6800C58AB0 /* CandyStore.xcdatamodel */;
			path = CandyStore.xcdatamodeld;
			sourceTree = "<group>";
			versionGroupType = wrapper.xcdatamodel;
		};
/* End XCVersionGroup section */
	};
	rootObject = 9B56B93213D9ED5300A65543 /* Project object */;
}
